
Microsoft Visual Studio Solution File, Format Version 12.00
# Visual Studio Version 17
VisualStudioVersion = 17.0.31903.59
MinimumVisualStudioVersion = 10.0.40219.1
Project("{FAE04EC0-301F-11D3-BF4B-00C04F79EFBC}") = "OmegaSpiral", "OmegaSpiral.csproj", "{018DD86C-FEBE-4E31-9122-45DFEA95D31D}"
EndProject
Project("{2150E333-8FDC-42A3-9474-1A3956D46DE8}") = "Tests", "Tests", "{0AB3BF05-4346-4AA6-1389-037BE0695223}"
EndProject
Project("{FAE04EC0-301F-11D3-BF4B-00C04F79EFBC}") = "OmegaSpiral.Tests", "Tests\OmegaSpiral.Tests.csproj", "{0A83FFE5-41DB-4632-83BF-EA9D5D2F9E55}"
EndProject
Global
	GlobalSection(SolutionConfigurationPlatforms) = preSolution
		Debug|Any CPU = Debug|Any CPU
		Debug|x64 = Debug|x64
		Debug|x86 = Debug|x86
		Release|Any CPU = Release|Any CPU
		Release|x64 = Release|x64
		Release|x86 = Release|x86
	EndGlobalSection
	GlobalSection(ProjectConfigurationPlatforms) = postSolution
		{018DD86C-FEBE-4E31-9122-45DFEA95D31D}.Debug|Any CPU.ActiveCfg = Debug|Any CPU
		{018DD86C-FEBE-4E31-9122-45DFEA95D31D}.Debug|Any CPU.Build.0 = Debug|Any CPU
		{018DD86C-FEBE-4E31-9122-45DFEA95D31D}.Debug|x64.ActiveCfg = Debug|Any CPU
		{018DD86C-FEBE-4E31-9122-45DFEA95D31D}.Debug|x64.Build.0 = Debug|Any CPU
		{018DD86C-FEBE-4E31-9122-45DFEA95D31D}.Debug|x86.ActiveCfg = Debug|Any CPU
		{018DD86C-FEBE-4E31-9122-45DFEA95D31D}.Debug|x86.Build.0 = Debug|Any CPU
		{018DD86C-FEBE-4E31-9122-45DFEA95D31D}.Release|Any CPU.ActiveCfg = Debug|Any CPU
		{018DD86C-FEBE-4E31-9122-45DFEA95D31D}.Release|Any CPU.Build.0 = Debug|Any CPU
		{018DD86C-FEBE-4E31-9122-45DFEA95D31D}.Release|x64.ActiveCfg = Debug|Any CPU
		{018DD86C-FEBE-4E31-9122-45DFEA95D31D}.Release|x64.Build.0 = Debug|Any CPU
		{018DD86C-FEBE-4E31-9122-45DFEA95D31D}.Release|x86.ActiveCfg = Debug|Any CPU
		{018DD86C-FEBE-4E31-9122-45DFEA95D31D}.Release|x86.Build.0 = Debug|Any CPU
		{0A83FFE5-41DB-4632-83BF-EA9D5D2F9E55}.Debug|Any CPU.ActiveCfg = Debug|Any CPU
		{0A83FFE5-41DB-4632-83BF-EA9D5D2F9E55}.Debug|Any CPU.Build.0 = Debug|Any CPU
		{0A83FFE5-41DB-4632-83BF-EA9D5D2F9E55}.Debug|x64.ActiveCfg = Debug|Any CPU
		{0A83FFE5-41DB-4632-83BF-EA9D5D2F9E55}.Debug|x64.Build.0 = Debug|Any CPU
		{0A83FFE5-41DB-4632-83BF-EA9D5D2F9E55}.Debug|x86.ActiveCfg = Debug|Any CPU
		{0A83FFE5-41DB-4632-83BF-EA9D5D2F9E55}.Debug|x86.Build.0 = Debug|Any CPU
		{0A83FFE5-41DB-4632-83BF-EA9D5D2F9E55}.Release|Any CPU.ActiveCfg = Release|Any CPU
		{0A83FFE5-41DB-4632-83BF-EA9D5D2F9E55}.Release|Any CPU.Build.0 = Release|Any CPU
		{0A83FFE5-41DB-4632-83BF-EA9D5D2F9E55}.Release|x64.ActiveCfg = Release|Any CPU
		{0A83FFE5-41DB-4632-83BF-EA9D5D2F9E55}.Release|x64.Build.0 = Release|Any CPU
		{0A83FFE5-41DB-4632-83BF-EA9D5D2F9E55}.Release|x86.ActiveCfg = Release|Any CPU
		{0A83FFE5-41DB-4632-83BF-EA9D5D2F9E55}.Release|x86.Build.0 = Release|Any CPU
	EndGlobalSection
	GlobalSection(SolutionProperties) = preSolution
		HideSolutionNode = FALSE
	EndGlobalSection
	GlobalSection(NestedProjects) = preSolution
		{0A83FFE5-41DB-4632-83BF-EA9D5D2F9E55} = {0AB3BF05-4346-4AA6-1389-037BE0695223}
	EndGlobalSection
EndGlobal
